
Microsoft Visual Studio Solution File, Format Version 12.00
# Visual Studio Version 16
VisualStudioVersion = 16.0.30804.86
MinimumVisualStudioVersion = 10.0.40219.1
Project("{9A19103F-16F7-4668-BE54-9A1E7A4F7556}") = "BookShop.Data", "BookShop.Data\BookShop.Data.csproj", "{2775D368-67DC-4C3C-A7D5-6CFE16912360}"
EndProject
Project("{9A19103F-16F7-4668-BE54-9A1E7A4F7556}") = "BookShop.Repository", "BookShop.Repository\BookShop.Repository.csproj", "{EA278229-5F67-497E-97C0-C2AAA939BE5F}"
EndProject
Project("{9A19103F-16F7-4668-BE54-9A1E7A4F7556}") = "BookShop.Infrastructure", "BookShop.Infrastructure\BookShop.Infrastructure.csproj", "{313011E4-CC0F-4BB1-9813-FCB1B8642B40}"
EndProject
Project("{9A19103F-16F7-4668-BE54-9A1E7A4F7556}") = "BookShop.API", "BookShop.API\BookShop.API.csproj", "{EB9A4155-BE0E-4EC0-B3CB-7DDCD17BBE20}"
EndProject
Project("{FAE04EC0-301F-11D3-BF4B-00C04F79EFBC}") = "BookShop.Api.IntegrationTest", "BookShop.Api.IntegrationTest\BookShop.Api.IntegrationTest.csproj", "{265DD64D-9931-4D95-94E3-DCB0A2388251}"
EndProject
Global
	GlobalSection(SolutionConfigurationPlatforms) = preSolution
		Debug|Any CPU = Debug|Any CPU
		Release|Any CPU = Release|Any CPU
	EndGlobalSection
	GlobalSection(ProjectConfigurationPlatforms) = postSolution
		{2775D368-67DC-4C3C-A7D5-6CFE16912360}.Debug|Any CPU.ActiveCfg = Debug|Any CPU
		{2775D368-67DC-4C3C-A7D5-6CFE16912360}.Debug|Any CPU.Build.0 = Debug|Any CPU
		{2775D368-67DC-4C3C-A7D5-6CFE16912360}.Release|Any CPU.ActiveCfg = Release|Any CPU
		{2775D368-67DC-4C3C-A7D5-6CFE16912360}.Release|Any CPU.Build.0 = Release|Any CPU
		{EA278229-5F67-497E-97C0-C2AAA939BE5F}.Debug|Any CPU.ActiveCfg = Debug|Any CPU
		{EA278229-5F67-497E-97C0-C2AAA939BE5F}.Debug|Any CPU.Build.0 = Debug|Any CPU
		{EA278229-5F67-497E-97C0-C2AAA939BE5F}.Release|Any CPU.ActiveCfg = Release|Any CPU
		{EA278229-5F67-497E-97C0-C2AAA939BE5F}.Release|Any CPU.Build.0 = Release|Any CPU
		{313011E4-CC0F-4BB1-9813-FCB1B8642B40}.Debug|Any CPU.ActiveCfg = Debug|Any CPU
		{313011E4-CC0F-4BB1-9813-FCB1B8642B40}.Debug|Any CPU.Build.0 = Debug|Any CPU
		{313011E4-CC0F-4BB1-9813-FCB1B8642B40}.Release|Any CPU.ActiveCfg = Release|Any CPU
		{313011E4-CC0F-4BB1-9813-FCB1B8642B40}.Release|Any CPU.Build.0 = Release|Any CPU
		{EB9A4155-BE0E-4EC0-B3CB-7DDCD17BBE20}.Debug|Any CPU.ActiveCfg = Debug|Any CPU
		{EB9A4155-BE0E-4EC0-B3CB-7DDCD17BBE20}.Debug|Any CPU.Build.0 = Debug|Any CPU
		{EB9A4155-BE0E-4EC0-B3CB-7DDCD17BBE20}.Release|Any CPU.ActiveCfg = Release|Any CPU
		{EB9A4155-BE0E-4EC0-B3CB-7DDCD17BBE20}.Release|Any CPU.Build.0 = Release|Any CPU
		{265DD64D-9931-4D95-94E3-DCB0A2388251}.Debug|Any CPU.ActiveCfg = Debug|Any CPU
		{265DD64D-9931-4D95-94E3-DCB0A2388251}.Debug|Any CPU.Build.0 = Debug|Any CPU
		{265DD64D-9931-4D95-94E3-DCB0A2388251}.Release|Any CPU.ActiveCfg = Release|Any CPU
		{265DD64D-9931-4D95-94E3-DCB0A2388251}.Release|Any CPU.Build.0 = Release|Any CPU
	EndGlobalSection
	GlobalSection(SolutionProperties) = preSolution
		HideSolutionNode = FALSE
	EndGlobalSection
	GlobalSection(ExtensibilityGlobals) = postSolution
		SolutionGuid = {934E25FA-4DA2-4330-97CF-17470A9D342A}
	EndGlobalSection
EndGlobal
